// !$*UTF8*$!
{
	archiveVersion = 1;
	classes = {
	};
	objectVersion = 56;
	objects = {

/* Begin PBXBuildFile section */
		121E386D2AE93AFF00C50016 /* 03_7.cpp in Sources */ = {isa = PBXBuildFile; fileRef = 126582E42AE21D9600941873 /* 03_7.cpp */; };
/* End PBXBuildFile section */

/* Begin PBXCopyFilesBuildPhase section */
		120F30262ACAC6FA000FF402 /* CopyFiles */ = {
			isa = PBXCopyFilesBuildPhase;
			buildActionMask = 2147483647;
			dstPath = /usr/share/man/man1/;
			dstSubfolderSpec = 0;
			files = (
			);
			runOnlyForDeploymentPostprocessing = 1;
		};
/* End PBXCopyFilesBuildPhase section */

/* Begin PBXFileReference section */
		120F30282ACAC6FA000FF402 /* BFA_Programming_Course_CPP */ = {isa = PBXFileReference; explicitFileType = "compiled.mach-o.executable"; includeInIndex = 0; path = BFA_Programming_Course_CPP; sourceTree = BUILT_PRODUCTS_DIR; };
		120F302B2ACAC6FA000FF402 /* main.cpp */ = {isa = PBXFileReference; lastKnownFileType = sourcecode.cpp.cpp; path = main.cpp; sourceTree = "<group>"; };
		123F9BCD2ACAD60D00D080AC /* Lecture_02.md */ = {isa = PBXFileReference; lastKnownFileType = net.daringfireball.markdown; path = Lecture_02.md; sourceTree = "<group>"; };
		126582D72AE21D3600941873 /* 03_1.cpp */ = {isa = PBXFileReference; lastKnownFileType = sourcecode.cpp.cpp; path = 03_1.cpp; sourceTree = "<group>"; };
		126582D92AE21D4500941873 /* 03_2.cpp */ = {isa = PBXFileReference; lastKnownFileType = sourcecode.cpp.cpp; path = 03_2.cpp; sourceTree = "<group>"; };
		126582DB2AE21D5600941873 /* 03_3.cpp */ = {isa = PBXFileReference; lastKnownFileType = sourcecode.cpp.cpp; path = 03_3.cpp; sourceTree = "<group>"; };
		126582DD2AE21D6300941873 /* 03_4.cpp */ = {isa = PBXFileReference; lastKnownFileType = sourcecode.cpp.cpp; path = 03_4.cpp; sourceTree = "<group>"; };
		126582E02AE21D7700941873 /* 03_5.cpp */ = {isa = PBXFileReference; lastKnownFileType = sourcecode.cpp.cpp; path = 03_5.cpp; sourceTree = "<group>"; };
		126582E22AE21D8800941873 /* 03_6.cpp */ = {isa = PBXFileReference; lastKnownFileType = sourcecode.cpp.cpp; path = 03_6.cpp; sourceTree = "<group>"; };
		126582E42AE21D9600941873 /* 03_7.cpp */ = {isa = PBXFileReference; lastKnownFileType = sourcecode.cpp.cpp; path = 03_7.cpp; sourceTree = "<group>"; };
		126E54D92ADFB8C600300DA5 /* Lecture_04.md */ = {isa = PBXFileReference; lastKnownFileType = net.daringfireball.markdown; name = Lecture_04.md; path = BFA_Programming_Course_CPP/Lecture_02/Lecture_04.md; sourceTree = SOURCE_ROOT; };
		128B34192ACAD38A0084B59D /* hello_world.cpp */ = {isa = PBXFileReference; lastKnownFileType = sourcecode.cpp.cpp; path = hello_world.cpp; sourceTree = "<group>"; };
		12BC82C32AD250F500553610 /* Playground.cpp */ = {isa = PBXFileReference; lastKnownFileType = sourcecode.cpp.cpp; path = Playground.cpp; sourceTree = SOURCE_ROOT; };
/* End PBXFileReference section */

/* Begin PBXFrameworksBuildPhase section */
		120F30252ACAC6FA000FF402 /* Frameworks */ = {
			isa = PBXFrameworksBuildPhase;
			buildActionMask = 2147483647;
			files = (
			);
			runOnlyForDeploymentPostprocessing = 0;
		};
/* End PBXFrameworksBuildPhase section */

/* Begin PBXGroup section */
		120F301F2ACAC6FA000FF402 = {
			isa = PBXGroup;
			children = (
				120F302A2ACAC6FA000FF402 /* BFA_Programming_Course_CPP */,
				120F30292ACAC6FA000FF402 /* Products */,
			);
			sourceTree = "<group>";
		};
		120F30292ACAC6FA000FF402 /* Products */ = {
			isa = PBXGroup;
			children = (
				120F30282ACAC6FA000FF402 /* BFA_Programming_Course_CPP */,
			);
			name = Products;
			sourceTree = "<group>";
		};
		120F302A2ACAC6FA000FF402 /* BFA_Programming_Course_CPP */ = {
			isa = PBXGroup;
			children = (
				12BC82C32AD250F500553610 /* Playground.cpp */,
				120F302B2ACAC6FA000FF402 /* main.cpp */,
				126E54D82ADFB89A00300DA5 /* Lecture_03 */,
				126E54D72ADFB89A00300DA5 /* Lecture_04 */,
				128B34152ACAD3110084B59D /* Lecture_02 */,
			);
			path = BFA_Programming_Course_CPP;
			sourceTree = "<group>";
		};
		126E54D72ADFB89A00300DA5 /* Lecture_04 */ = {
			isa = PBXGroup;
			children = (
				126E54D92ADFB8C600300DA5 /* Lecture_04.md */,
				126582D72AE21D3600941873 /* 03_1.cpp */,
				126582D92AE21D4500941873 /* 03_2.cpp */,
				126582DB2AE21D5600941873 /* 03_3.cpp */,
				126582DD2AE21D6300941873 /* 03_4.cpp */,
				126582E02AE21D7700941873 /* 03_5.cpp */,
				126582E22AE21D8800941873 /* 03_6.cpp */,
				126582E42AE21D9600941873 /* 03_7.cpp */,
			);
			name = Lecture_04;
			path = BFA_Programming_Course_CPP/Lecture_04;
			sourceTree = SOURCE_ROOT;
		};
		126E54D82ADFB89A00300DA5 /* Lecture_03 */ = {
			isa = PBXGroup;
			children = (
			);
			name = Lecture_03;
			path = BFA_Programming_Course_CPP/Lecture_03;
			sourceTree = SOURCE_ROOT;
		};
		128B34152ACAD3110084B59D /* Lecture_02 */ = {
			isa = PBXGroup;
			children = (
				123F9BCD2ACAD60D00D080AC /* Lecture_02.md */,
				128B34192ACAD38A0084B59D /* hello_world.cpp */,
			);
			path = Lecture_02;
			sourceTree = "<group>";
		};
/* End PBXGroup section */

/* Begin PBXNativeTarget section */
		120F30272ACAC6FA000FF402 /* BFA_Programming_Course_CPP */ = {
			isa = PBXNativeTarget;
			buildConfigurationList = 120F302F2ACAC6FA000FF402 /* Build configuration list for PBXNativeTarget "BFA_Programming_Course_CPP" */;
			buildPhases = (
				120F30252ACAC6FA000FF402 /* Frameworks */,
				120F30262ACAC6FA000FF402 /* CopyFiles */,
				124502792AE663E8009F09A7 /* Sources */,
			);
			buildRules = (
			);
			dependencies = (
			);
			name = BFA_Programming_Course_CPP;
			productName = BFA_Programming_Course_CPP;
			productReference = 120F30282ACAC6FA000FF402 /* BFA_Programming_Course_CPP */;
			productType = "com.apple.product-type.tool";
		};
/* End PBXNativeTarget section */

/* Begin PBXProject section */
		120F30202ACAC6FA000FF402 /* Project object */ = {
			isa = PBXProject;
			attributes = {
				BuildIndependentTargetsInParallel = 1;
				LastUpgradeCheck = 1500;
				TargetAttributes = {
					120F30272ACAC6FA000FF402 = {
						CreatedOnToolsVersion = 15.0;
					};
				};
			};
			buildConfigurationList = 120F30232ACAC6FA000FF402 /* Build configuration list for PBXProject "BFA_Programming_Course_CPP" */;
			compatibilityVersion = "Xcode 14.0";
			developmentRegion = en;
			hasScannedForEncodings = 0;
			knownRegions = (
				en,
				Base,
			);
			mainGroup = 120F301F2ACAC6FA000FF402;
			productRefGroup = 120F30292ACAC6FA000FF402 /* Products */;
			projectDirPath = "";
			projectRoot = "";
			targets = (
				120F30272ACAC6FA000FF402 /* BFA_Programming_Course_CPP */,
			);
		};
/* End PBXProject section */

/* Begin PBXSourcesBuildPhase section */
		124502792AE663E8009F09A7 /* Sources */ = {
			isa = PBXSourcesBuildPhase;
			buildActionMask = 2147483647;
			files = (
				121E386D2AE93AFF00C50016 /* 03_7.cpp in Sources */,
			);
			runOnlyForDeploymentPostprocessing = 0;
		};
/* End PBXSourcesBuildPhase section */

/* Begin XCBuildConfiguration section */
		120F302D2ACAC6FA000FF402 /* Debug */ = {
			isa = XCBuildConfiguration;
			buildSettings = {
				ALWAYS_SEARCH_USER_PATHS = NO;
				ASSETCATALOG_COMPILER_GENERATE_SWIFT_ASSET_SYMBOL_EXTENSIONS = YES;
				CLANG_ANALYZER_NONNULL = YES;
				CLANG_ANALYZER_NUMBER_OBJECT_CONVERSION = YES_AGGRESSIVE;
				CLANG_CXX_LANGUAGE_STANDARD = "gnu++20";
				CLANG_ENABLE_MODULES = YES;
				CLANG_ENABLE_OBJC_ARC = YES;
				CLANG_ENABLE_OBJC_WEAK = YES;
				CLANG_WARN_BLOCK_CAPTURE_AUTORELEASING = YES;
				CLANG_WARN_BOOL_CONVERSION = YES;
				CLANG_WARN_COMMA = YES;
				CLANG_WARN_CONSTANT_CONVERSION = YES;
				CLANG_WARN_DEPRECATED_OBJC_IMPLEMENTATIONS = YES;
				CLANG_WARN_DIRECT_OBJC_ISA_USAGE = YES_ERROR;
				CLANG_WARN_DOCUMENTATION_COMMENTS = YES;
				CLANG_WARN_EMPTY_BODY = YES;
				CLANG_WARN_ENUM_CONVERSION = YES;
				CLANG_WARN_INFINITE_RECURSION = YES;
				CLANG_WARN_INT_CONVERSION = YES;
				CLANG_WARN_NON_LITERAL_NULL_CONVERSION = YES;
				CLANG_WARN_OBJC_IMPLICIT_RETAIN_SELF = YES;
				CLANG_WARN_OBJC_LITERAL_CONVERSION = YES;
				CLANG_WARN_OBJC_ROOT_CLASS = YES_ERROR;
				CLANG_WARN_QUOTED_INCLUDE_IN_FRAMEWORK_HEADER = YES;
				CLANG_WARN_RANGE_LOOP_ANALYSIS = YES;
				CLANG_WARN_STRICT_PROTOTYPES = YES;
				CLANG_WARN_SUSPICIOUS_MOVE = YES;
				CLANG_WARN_UNGUARDED_AVAILABILITY = YES_AGGRESSIVE;
				CLANG_WARN_UNREACHABLE_CODE = YES;
				CLANG_WARN__DUPLICATE_METHOD_MATCH = YES;
				COPY_PHASE_STRIP = NO;
				DEBUG_INFORMATION_FORMAT = dwarf;
				ENABLE_STRICT_OBJC_MSGSEND = YES;
				ENABLE_TESTABILITY = YES;
				ENABLE_USER_SCRIPT_SANDBOXING = YES;
				GCC_C_LANGUAGE_STANDARD = gnu17;
				GCC_DYNAMIC_NO_PIC = NO;
				GCC_NO_COMMON_BLOCKS = YES;
				GCC_OPTIMIZATION_LEVEL = 0;
				GCC_PREPROCESSOR_DEFINITIONS = (
					"DEBUG=1",
					"$(inherited)",
				);
				GCC_WARN_64_TO_32_BIT_CONVERSION = YES;
				GCC_WARN_ABOUT_RETURN_TYPE = YES_ERROR;
				GCC_WARN_UNDECLARED_SELECTOR = YES;
				GCC_WARN_UNINITIALIZED_AUTOS = YES_AGGRESSIVE;
				GCC_WARN_UNUSED_FUNCTION = YES;
				GCC_WARN_UNUSED_VARIABLE = YES;
				LOCALIZATION_PREFERS_STRING_CATALOGS = YES;
				MACOSX_DEPLOYMENT_TARGET = 14.0;
				MTL_ENABLE_DEBUG_INFO = INCLUDE_SOURCE;
				MTL_FAST_MATH = YES;
				ONLY_ACTIVE_ARCH = YES;
				SDKROOT = macosx;
			};
			name = Debug;
		};
		120F302E2ACAC6FA000FF402 /* Release */ = {
			isa = XCBuildConfiguration;
			buildSettings = {
				ALWAYS_SEARCH_USER_PATHS = NO;
				ASSETCATALOG_COMPILER_GENERATE_SWIFT_ASSET_SYMBOL_EXTENSIONS = YES;
				CLANG_ANALYZER_NONNULL = YES;
				CLANG_ANALYZER_NUMBER_OBJECT_CONVERSION = YES_AGGRESSIVE;
				CLANG_CXX_LANGUAGE_STANDARD = "gnu++20";
				CLANG_ENABLE_MODULES = YES;
				CLANG_ENABLE_OBJC_ARC = YES;
				CLANG_ENABLE_OBJC_WEAK = YES;
				CLANG_WARN_BLOCK_CAPTURE_AUTORELEASING = YES;
				CLANG_WARN_BOOL_CONVERSION = YES;
				CLANG_WARN_COMMA = YES;
				CLANG_WARN_CONSTANT_CONVERSION = YES;
				CLANG_WARN_DEPRECATED_OBJC_IMPLEMENTATIONS = YES;
				CLANG_WARN_DIRECT_OBJC_ISA_USAGE = YES_ERROR;
				CLANG_WARN_DOCUMENTATION_COMMENTS = YES;
				CLANG_WARN_EMPTY_BODY = YES;
				CLANG_WARN_ENUM_CONVERSION = YES;
				CLANG_WARN_INFINITE_RECURSION = YES;
				CLANG_WARN_INT_CONVERSION = YES;
				CLANG_WARN_NON_LITERAL_NULL_CONVERSION = YES;
				CLANG_WARN_OBJC_IMPLICIT_RETAIN_SELF = YES;
				CLANG_WARN_OBJC_LITERAL_CONVERSION = YES;
				CLANG_WARN_OBJC_ROOT_CLASS = YES_ERROR;
				CLANG_WARN_QUOTED_INCLUDE_IN_FRAMEWORK_HEADER = YES;
				CLANG_WARN_RANGE_LOOP_ANALYSIS = YES;
				CLANG_WARN_STRICT_PROTOTYPES = YES;
				CLANG_WARN_SUSPICIOUS_MOVE = YES;
				CLANG_WARN_UNGUARDED_AVAILABILITY = YES_AGGRESSIVE;
				CLANG_WARN_UNREACHABLE_CODE = YES;
				CLANG_WARN__DUPLICATE_METHOD_MATCH = YES;
				COPY_PHASE_STRIP = NO;
				DEBUG_INFORMATION_FORMAT = "dwarf-with-dsym";
				ENABLE_NS_ASSERTIONS = NO;
				ENABLE_STRICT_OBJC_MSGSEND = YES;
				ENABLE_USER_SCRIPT_SANDBOXING = YES;
				GCC_C_LANGUAGE_STANDARD = gnu17;
				GCC_NO_COMMON_BLOCKS = YES;
				GCC_WARN_64_TO_32_BIT_CONVERSION = YES;
				GCC_WARN_ABOUT_RETURN_TYPE = YES_ERROR;
				GCC_WARN_UNDECLARED_SELECTOR = YES;
				GCC_WARN_UNINITIALIZED_AUTOS = YES_AGGRESSIVE;
				GCC_WARN_UNUSED_FUNCTION = YES;
				GCC_WARN_UNUSED_VARIABLE = YES;
				LOCALIZATION_PREFERS_STRING_CATALOGS = YES;
				MACOSX_DEPLOYMENT_TARGET = 14.0;
				MTL_ENABLE_DEBUG_INFO = NO;
				MTL_FAST_MATH = YES;
				SDKROOT = macosx;
			};
			name = Release;
		};
		120F30302ACAC6FA000FF402 /* Debug */ = {
			isa = XCBuildConfiguration;
			buildSettings = {
				CODE_SIGN_STYLE = Automatic;
				DEVELOPMENT_TEAM = XGU4T2Z384;
				ENABLE_HARDENED_RUNTIME = YES;
				PRODUCT_NAME = "$(TARGET_NAME)";
			};
			name = Debug;
		};
		120F30312ACAC6FA000FF402 /* Release */ = {
			isa = XCBuildConfiguration;
			buildSettings = {
				CODE_SIGN_STYLE = Automatic;
				DEVELOPMENT_TEAM = XGU4T2Z384;
				ENABLE_HARDENED_RUNTIME = YES;
				PRODUCT_NAME = "$(TARGET_NAME)";
			};
			name = Release;
		};
/* End XCBuildConfiguration section */

/* Begin XCConfigurationList section */
		120F30232ACAC6FA000FF402 /* Build configuration list for PBXProject "BFA_Programming_Course_CPP" */ = {
			isa = XCConfigurationList;
			buildConfigurations = (
				120F302D2ACAC6FA000FF402 /* Debug */,
				120F302E2ACAC6FA000FF402 /* Release */,
			);
			defaultConfigurationIsVisible = 0;
			defaultConfigurationName = Release;
		};
		120F302F2ACAC6FA000FF402 /* Build configuration list for PBXNativeTarget "BFA_Programming_Course_CPP" */ = {
			isa = XCConfigurationList;
			buildConfigurations = (
				120F30302ACAC6FA000FF402 /* Debug */,
				120F30312ACAC6FA000FF402 /* Release */,
			);
			defaultConfigurationIsVisible = 0;
			defaultConfigurationName = Release;
		};
/* End XCConfigurationList section */
	};
	rootObject = 120F30202ACAC6FA000FF402 /* Project object */;
}
